
Microsoft Visual Studio Solution File, Format Version 12.00
# Visual Studio Version 16
VisualStudioVersion = 16.0.29709.97
MinimumVisualStudioVersion = 10.0.40219.1
Project("{2150E333-8FDC-42A3-9474-1A3956D46DE8}") = "0 - Presentation", "0 - Presentation", "{77C20540-97A2-4754-99FC-8B451F838FAA}"
EndProject
Project("{2150E333-8FDC-42A3-9474-1A3956D46DE8}") = "1 - Services", "1 - Services", "{D2F433F3-938B-4020-BDE5-799BFE737763}"
EndProject
Project("{2150E333-8FDC-42A3-9474-1A3956D46DE8}") = "2 - Application", "2 - Application", "{CA716A01-B951-4629-91C2-75788A6ABF5E}"
EndProject
Project("{2150E333-8FDC-42A3-9474-1A3956D46DE8}") = "3 - Domain", "3 - Domain", "{B9D34220-6B11-4876-94F7-1126DB9BCB16}"
EndProject
Project("{2150E333-8FDC-42A3-9474-1A3956D46DE8}") = "4 - Infra", "4 - Infra", "{AE7D86D1-F5DB-46C6-A1CC-6B7123899C0A}"
EndProject
Project("{2150E333-8FDC-42A3-9474-1A3956D46DE8}") = "4.1 - Data", "4.1 - Data", "{FB5E0F63-57DD-4B5D-B8F6-C78318DDFBC6}"
EndProject
Project("{2150E333-8FDC-42A3-9474-1A3956D46DE8}") = "4.2 - CrossCutting", "4.2 - CrossCutting", "{61942C1C-030E-4B0A-B9BB-E444D235A844}"
EndProject
Project("{9A19103F-16F7-4668-BE54-9A1E7A4F7556}") = "AppEmpresa.Domain", "src\AppEmpresa.Domain\AppEmpresa.Domain.csproj", "{C8AF169D-20BF-4743-BC77-0B776F418F29}"
EndProject
Project("{9A19103F-16F7-4668-BE54-9A1E7A4F7556}") = "AppEmpresa.Utils", "src\AppEmpresa.Utils\AppEmpresa.Utils.csproj", "{6DFA5F80-0B3D-4A60-8BF7-79D4C693E22E}"
EndProject
Project("{9A19103F-16F7-4668-BE54-9A1E7A4F7556}") = "AppEmpresa.EventNotification", "src\AppEmpresa.EventNotification\AppEmpresa.EventNotification.csproj", "{8499D625-4B15-4EC8-B08B-83AB84210292}"
EndProject
Project("{9A19103F-16F7-4668-BE54-9A1E7A4F7556}") = "AppEmpresa.App", "src\AppEmpresa.App\AppEmpresa.App.csproj", "{8F805062-4B23-4A43-8211-A65AAC4259BD}"
EndProject
Project("{9A19103F-16F7-4668-BE54-9A1E7A4F7556}") = "AppEmpresa.Tests", "tests\AppEmpresa.Tests\AppEmpresa.Tests.csproj", "{A73BE92E-A158-4B1B-8BF8-42572B486073}"
EndProject
Project("{2150E333-8FDC-42A3-9474-1A3956D46DE8}") = "5 - Tests", "5 - Tests", "{606F12B7-4BB5-4D2E-9D63-CB1CB9F9B5EA}"
EndProject
Project("{9A19103F-16F7-4668-BE54-9A1E7A4F7556}") = "AppEmpresa.Data.NHibernate", "src\AppEmpresa.Data.NHibernate\AppEmpresa.Data.NHibernate.csproj", "{821332AF-E4EC-4FAF-B647-706303CC8F58}"
EndProject
Global
	GlobalSection(SolutionConfigurationPlatforms) = preSolution
		Debug|Any CPU = Debug|Any CPU
		Release|Any CPU = Release|Any CPU
	EndGlobalSection
	GlobalSection(ProjectConfigurationPlatforms) = postSolution
		{C8AF169D-20BF-4743-BC77-0B776F418F29}.Debug|Any CPU.ActiveCfg = Debug|Any CPU
		{C8AF169D-20BF-4743-BC77-0B776F418F29}.Debug|Any CPU.Build.0 = Debug|Any CPU
		{C8AF169D-20BF-4743-BC77-0B776F418F29}.Release|Any CPU.ActiveCfg = Release|Any CPU
		{C8AF169D-20BF-4743-BC77-0B776F418F29}.Release|Any CPU.Build.0 = Release|Any CPU
		{6DFA5F80-0B3D-4A60-8BF7-79D4C693E22E}.Debug|Any CPU.ActiveCfg = Debug|Any CPU
		{6DFA5F80-0B3D-4A60-8BF7-79D4C693E22E}.Debug|Any CPU.Build.0 = Debug|Any CPU
		{6DFA5F80-0B3D-4A60-8BF7-79D4C693E22E}.Release|Any CPU.ActiveCfg = Release|Any CPU
		{6DFA5F80-0B3D-4A60-8BF7-79D4C693E22E}.Release|Any CPU.Build.0 = Release|Any CPU
		{8499D625-4B15-4EC8-B08B-83AB84210292}.Debug|Any CPU.ActiveCfg = Debug|Any CPU
		{8499D625-4B15-4EC8-B08B-83AB84210292}.Debug|Any CPU.Build.0 = Debug|Any CPU
		{8499D625-4B15-4EC8-B08B-83AB84210292}.Release|Any CPU.ActiveCfg = Release|Any CPU
		{8499D625-4B15-4EC8-B08B-83AB84210292}.Release|Any CPU.Build.0 = Release|Any CPU
		{8F805062-4B23-4A43-8211-A65AAC4259BD}.Debug|Any CPU.ActiveCfg = Debug|Any CPU
		{8F805062-4B23-4A43-8211-A65AAC4259BD}.Debug|Any CPU.Build.0 = Debug|Any CPU
		{8F805062-4B23-4A43-8211-A65AAC4259BD}.Release|Any CPU.ActiveCfg = Release|Any CPU
		{8F805062-4B23-4A43-8211-A65AAC4259BD}.Release|Any CPU.Build.0 = Release|Any CPU
		{A73BE92E-A158-4B1B-8BF8-42572B486073}.Debug|Any CPU.ActiveCfg = Debug|Any CPU
		{A73BE92E-A158-4B1B-8BF8-42572B486073}.Debug|Any CPU.Build.0 = Debug|Any CPU
		{A73BE92E-A158-4B1B-8BF8-42572B486073}.Release|Any CPU.ActiveCfg = Release|Any CPU
		{A73BE92E-A158-4B1B-8BF8-42572B486073}.Release|Any CPU.Build.0 = Release|Any CPU
		{821332AF-E4EC-4FAF-B647-706303CC8F58}.Debug|Any CPU.ActiveCfg = Debug|Any CPU
		{821332AF-E4EC-4FAF-B647-706303CC8F58}.Debug|Any CPU.Build.0 = Debug|Any CPU
		{821332AF-E4EC-4FAF-B647-706303CC8F58}.Release|Any CPU.ActiveCfg = Release|Any CPU
		{821332AF-E4EC-4FAF-B647-706303CC8F58}.Release|Any CPU.Build.0 = Release|Any CPU
	EndGlobalSection
	GlobalSection(SolutionProperties) = preSolution
		HideSolutionNode = FALSE
	EndGlobalSection
	GlobalSection(NestedProjects) = preSolution
		{FB5E0F63-57DD-4B5D-B8F6-C78318DDFBC6} = {AE7D86D1-F5DB-46C6-A1CC-6B7123899C0A}
		{61942C1C-030E-4B0A-B9BB-E444D235A844} = {AE7D86D1-F5DB-46C6-A1CC-6B7123899C0A}
		{C8AF169D-20BF-4743-BC77-0B776F418F29} = {B9D34220-6B11-4876-94F7-1126DB9BCB16}
		{6DFA5F80-0B3D-4A60-8BF7-79D4C693E22E} = {61942C1C-030E-4B0A-B9BB-E444D235A844}
		{8499D625-4B15-4EC8-B08B-83AB84210292} = {61942C1C-030E-4B0A-B9BB-E444D235A844}
		{8F805062-4B23-4A43-8211-A65AAC4259BD} = {CA716A01-B951-4629-91C2-75788A6ABF5E}
		{A73BE92E-A158-4B1B-8BF8-42572B486073} = {606F12B7-4BB5-4D2E-9D63-CB1CB9F9B5EA}
		{821332AF-E4EC-4FAF-B647-706303CC8F58} = {FB5E0F63-57DD-4B5D-B8F6-C78318DDFBC6}
	EndGlobalSection
	GlobalSection(ExtensibilityGlobals) = postSolution
		SolutionGuid = {61750BE9-4A68-4C75-A57E-E04CDC180D17}
	EndGlobalSection
EndGlobal
