
Microsoft Visual Studio Solution File, Format Version 12.00
# Visual Studio Version 16
VisualStudioVersion = 16.0.29709.97
MinimumVisualStudioVersion = 10.0.40219.1
Project("{2150E333-8FDC-42A3-9474-1A3956D46DE8}") = "0 - Presentation", "0 - Presentation", "{77C20540-97A2-4754-99FC-8B451F838FAA}"
EndProject
Project("{2150E333-8FDC-42A3-9474-1A3956D46DE8}") = "1 - Services", "1 - Services", "{D2F433F3-938B-4020-BDE5-799BFE737763}"
EndProject
Project("{2150E333-8FDC-42A3-9474-1A3956D46DE8}") = "2 - Application", "2 - Application", "{CA716A01-B951-4629-91C2-75788A6ABF5E}"
EndProject
Project("{2150E333-8FDC-42A3-9474-1A3956D46DE8}") = "3 - Domain", "3 - Domain", "{B9D34220-6B11-4876-94F7-1126DB9BCB16}"
EndProject
Project("{2150E333-8FDC-42A3-9474-1A3956D46DE8}") = "4 - Infra", "4 - Infra", "{AE7D86D1-F5DB-46C6-A1CC-6B7123899C0A}"
EndProject
Project("{2150E333-8FDC-42A3-9474-1A3956D46DE8}") = "4.1 - Data", "4.1 - Data", "{FB5E0F63-57DD-4B5D-B8F6-C78318DDFBC6}"
EndProject
Project("{2150E333-8FDC-42A3-9474-1A3956D46DE8}") = "4.2 - CrossCutting", "4.2 - CrossCutting", "{61942C1C-030E-4B0A-B9BB-E444D235A844}"
EndProject
Global
	GlobalSection(SolutionProperties) = preSolution
		HideSolutionNode = FALSE
	EndGlobalSection
	GlobalSection(NestedProjects) = preSolution
		{FB5E0F63-57DD-4B5D-B8F6-C78318DDFBC6} = {AE7D86D1-F5DB-46C6-A1CC-6B7123899C0A}
		{61942C1C-030E-4B0A-B9BB-E444D235A844} = {AE7D86D1-F5DB-46C6-A1CC-6B7123899C0A}
	EndGlobalSection
	GlobalSection(ExtensibilityGlobals) = postSolution
		SolutionGuid = {61750BE9-4A68-4C75-A57E-E04CDC180D17}
	EndGlobalSection
EndGlobal
